{
    "_readme": [
        "This file locks the dependencies of your project to a known state",
        "Read more about it at https://getcomposer.org/doc/01-basic-usage.md#installing-dependencies",
        "This file is @generated automatically"
    ],
    "content-hash": "d6c8282c7c258ae824f34cc36485f4a1",
    "packages": [
        {
            "name": "notcod/sophia-addon-db",
            "version": "1.1",
            "source": {
                "type": "git",
                "url": "https://github.com/notcod/sophia-addon-db.git",
                "reference": "a8004d431cccaccff9dcf542b3b8d56d8ec47313"
            },
            "dist": {
                "type": "zip",
                "url": "https://api.github.com/repos/notcod/sophia-addon-db/zipball/a8004d431cccaccff9dcf542b3b8d56d8ec47313",
                "reference": "a8004d431cccaccff9dcf542b3b8d56d8ec47313",
                "shasum": ""
            },
            "type": "library",
            "autoload": {
                "psr-4": {
                    "Sophia\\Addon\\": "src/"
                }
            },
            "notification-url": "https://packagist.org/downloads/",
            "license": [
                "MIT"
            ],
            "authors": [
                {
                    "name": "Nemanja M",
                    "email": "mneca99+git@gmail.com"
                }
            ],
            "description": "DB addon",
            "time": "2021-01-13T01:17:58+00:00"
        }
    ],
    "packages-dev": [],
    "aliases": [],
    "minimum-stability": "stable",
    "stability-flags": [],
    "prefer-stable": false,
    "prefer-lowest": false,
    "platform": [],
    "platform-dev": []
}
